# This file is automatically @generated by Cargo.
# It is not intended for manual editing.
version = 4

[[package]]
name = "use-cache-store"
version = "0.1.0"

[[package]]
name = "use-change-event"
version = "0.1.0"

[[package]]
name = "use-consistency"
version = "0.1.0"

[[package]]
name = "use-document-path"
version = "0.1.0"

[[package]]
name = "use-document-store"
version = "0.1.0"

[[package]]
name = "use-graph-store"
version = "0.1.0"

[[package]]
name = "use-key-value-store"
version = "0.1.0"

[[package]]
name = "use-nosql"
version = "0.1.0"
dependencies = [
 "use-cache-store",
 "use-change-event",
 "use-consistency",
 "use-document-path",
 "use-document-store",
 "use-graph-store",
 "use-key-value-store",
 "use-partition-key",
 "use-search-index",
 "use-timeseries-store",
 "use-vector-store",
 "use-wide-column",
]

[[package]]
name = "use-partition-key"
version = "0.1.0"

[[package]]
name = "use-search-index"
version = "0.1.0"

[[package]]
name = "use-timeseries-store"
version = "0.1.0"

[[package]]
name = "use-vector-store"
version = "0.1.0"

[[package]]
name = "use-wide-column"
version = "0.1.0"
